<?xml version="1.0" encoding="utf-8"?>
<Project ToolsVersion="4.0" xmlns="http://schemas.microsoft.com/developer/msbuild/2003">
  <ItemGroup>
    <Filter Include="Source Files">
      <UniqueIdentifier>{2e0602f8-a299-42d6-8eab-f30b7870bd6a}</UniqueIdentifier>
      <Extensions>cpp;c;cxx;rc;def;r;odl;idl;hpj;bat</Extensions>
    </Filter>
    <Filter Include="Header Files">
      <UniqueIdentifier>{2743d303-28b8-40b5-be10-8c1f086000a1}</UniqueIdentifier>
      <Extensions>h;hpp;hxx;hm;inl</Extensions>
    </Filter>
    <Filter Include="Resource Files">
      <UniqueIdentifier>{c55acb1d-1499-4567-acd9-7f0a4f386e8b}</UniqueIdentifier>
      <Extensions>ico;cur;bmp;dlg;rc2;rct;bin;rgs;gif;jpg;jpeg;jpe</Extensions>
    </Filter>
  </ItemGroup>
  <ItemGroup>
    <ClInclude Include="..\API\HTTPClient.h">
      <Filter>Header Files</Filter>
    </ClInclude>
    <ClInclude Include="..\API\HTTPClientAuth.h">
      <Filter>Header Files</Filter>
    </ClInclude>
    <ClInclude Include="..\API\HTTPClientCommon.h">
      <Filter>Header Files</Filter>
    </ClInclude>
    <ClInclude Include="..\API\HTTPClientString.h">
      <Filter>Header Files</Filter>
    </ClInclude>
    <ClInclude Include="..\API\HTTPClientWrapper.h">
      <Filter>Header Files</Filter>
    </ClInclude>
  </ItemGroup>
  <ItemGroup>
    <ClCompile Include="..\API\HTTPClient.c">
      <Filter>Source Files</Filter>
    </ClCompile>
    <ClCompile Include="..\API\HTTPClientAuth.c">
      <Filter>Source Files</Filter>
    </ClCompile>
    <ClCompile Include="..\API\HTTPClientString.c">
      <Filter>Source Files</Filter>
    </ClCompile>
    <ClCompile Include="..\API\HTTPClientWrapper.c">
      <Filter>Source Files</Filter>
    </ClCompile>
    <ClCompile Include="..\HTTPClientSample.c">
      <Filter>Source Files</Filter>
    </ClCompile>
  </ItemGroup>
</Project>